
Microsoft Visual Studio Solution File, Format Version 12.00
# Visual Studio Version 16
VisualStudioVersion = 16.0.31205.134
MinimumVisualStudioVersion = 10.0.40219.1
Project("{FAE04EC0-301F-11D3-BF4B-00C04F79EFBC}") = "MovieApp.Android", "ArtMuseumApp\ArtMuseumApp.Android\MovieApp.Android.csproj", "{997BC969-663B-41E3-9F16-AA84AE8CA098}"
EndProject
Project("{FAE04EC0-301F-11D3-BF4B-00C04F79EFBC}") = "MovieApp.iOS", "ArtMuseumApp\ArtMuseumApp.iOS\MovieApp.iOS.csproj", "{0F23C7AE-E7C1-443C-8F4C-D74A6B062788}"
EndProject
Project("{9A19103F-16F7-4668-BE54-9A1E7A4F7556}") = "MovieApp", "ArtMuseumApp\ArtMuseumApp\MovieApp.csproj", "{56D8E506-FB6A-4484-9CD6-BD64BD11C556}"
EndProject
Global
	GlobalSection(SolutionConfigurationPlatforms) = preSolution
		Debug|Any CPU = Debug|Any CPU
		Debug|iPhone = Debug|iPhone
		Debug|iPhoneSimulator = Debug|iPhoneSimulator
		Release|Any CPU = Release|Any CPU
		Release|iPhone = Release|iPhone
		Release|iPhoneSimulator = Release|iPhoneSimulator
	EndGlobalSection
	GlobalSection(ProjectConfigurationPlatforms) = postSolution
		{997BC969-663B-41E3-9F16-AA84AE8CA098}.Debug|Any CPU.ActiveCfg = Debug|Any CPU
		{997BC969-663B-41E3-9F16-AA84AE8CA098}.Debug|Any CPU.Build.0 = Debug|Any CPU
		{997BC969-663B-41E3-9F16-AA84AE8CA098}.Debug|Any CPU.Deploy.0 = Debug|Any CPU
		{997BC969-663B-41E3-9F16-AA84AE8CA098}.Debug|iPhone.ActiveCfg = Debug|Any CPU
		{997BC969-663B-41E3-9F16-AA84AE8CA098}.Debug|iPhone.Build.0 = Debug|Any CPU
		{997BC969-663B-41E3-9F16-AA84AE8CA098}.Debug|iPhone.Deploy.0 = Debug|Any CPU
		{997BC969-663B-41E3-9F16-AA84AE8CA098}.Debug|iPhoneSimulator.ActiveCfg = Debug|Any CPU
		{997BC969-663B-41E3-9F16-AA84AE8CA098}.Debug|iPhoneSimulator.Build.0 = Debug|Any CPU
		{997BC969-663B-41E3-9F16-AA84AE8CA098}.Debug|iPhoneSimulator.Deploy.0 = Debug|Any CPU
		{997BC969-663B-41E3-9F16-AA84AE8CA098}.Release|Any CPU.ActiveCfg = Release|Any CPU
		{997BC969-663B-41E3-9F16-AA84AE8CA098}.Release|Any CPU.Build.0 = Release|Any CPU
		{997BC969-663B-41E3-9F16-AA84AE8CA098}.Release|Any CPU.Deploy.0 = Release|Any CPU
		{997BC969-663B-41E3-9F16-AA84AE8CA098}.Release|iPhone.ActiveCfg = Release|Any CPU
		{997BC969-663B-41E3-9F16-AA84AE8CA098}.Release|iPhone.Build.0 = Release|Any CPU
		{997BC969-663B-41E3-9F16-AA84AE8CA098}.Release|iPhone.Deploy.0 = Release|Any CPU
		{997BC969-663B-41E3-9F16-AA84AE8CA098}.Release|iPhoneSimulator.ActiveCfg = Release|Any CPU
		{997BC969-663B-41E3-9F16-AA84AE8CA098}.Release|iPhoneSimulator.Build.0 = Release|Any CPU
		{997BC969-663B-41E3-9F16-AA84AE8CA098}.Release|iPhoneSimulator.Deploy.0 = Release|Any CPU
		{0F23C7AE-E7C1-443C-8F4C-D74A6B062788}.Debug|Any CPU.ActiveCfg = Debug|iPhone
		{0F23C7AE-E7C1-443C-8F4C-D74A6B062788}.Debug|Any CPU.Build.0 = Debug|iPhone
		{0F23C7AE-E7C1-443C-8F4C-D74A6B062788}.Debug|Any CPU.Deploy.0 = Debug|iPhone
		{0F23C7AE-E7C1-443C-8F4C-D74A6B062788}.Debug|iPhone.ActiveCfg = Debug|iPhone
		{0F23C7AE-E7C1-443C-8F4C-D74A6B062788}.Debug|iPhone.Build.0 = Debug|iPhone
		{0F23C7AE-E7C1-443C-8F4C-D74A6B062788}.Debug|iPhone.Deploy.0 = Debug|iPhone
		{0F23C7AE-E7C1-443C-8F4C-D74A6B062788}.Debug|iPhoneSimulator.ActiveCfg = Debug|iPhoneSimulator
		{0F23C7AE-E7C1-443C-8F4C-D74A6B062788}.Debug|iPhoneSimulator.Build.0 = Debug|iPhoneSimulator
		{0F23C7AE-E7C1-443C-8F4C-D74A6B062788}.Debug|iPhoneSimulator.Deploy.0 = Debug|iPhoneSimulator
		{0F23C7AE-E7C1-443C-8F4C-D74A6B062788}.Release|Any CPU.ActiveCfg = Release|iPhoneSimulator
		{0F23C7AE-E7C1-443C-8F4C-D74A6B062788}.Release|Any CPU.Build.0 = Release|iPhoneSimulator
		{0F23C7AE-E7C1-443C-8F4C-D74A6B062788}.Release|Any CPU.Deploy.0 = Release|iPhoneSimulator
		{0F23C7AE-E7C1-443C-8F4C-D74A6B062788}.Release|iPhone.ActiveCfg = Release|iPhone
		{0F23C7AE-E7C1-443C-8F4C-D74A6B062788}.Release|iPhone.Build.0 = Release|iPhone
		{0F23C7AE-E7C1-443C-8F4C-D74A6B062788}.Release|iPhone.Deploy.0 = Release|iPhone
		{0F23C7AE-E7C1-443C-8F4C-D74A6B062788}.Release|iPhoneSimulator.ActiveCfg = Release|iPhoneSimulator
		{0F23C7AE-E7C1-443C-8F4C-D74A6B062788}.Release|iPhoneSimulator.Build.0 = Release|iPhoneSimulator
		{0F23C7AE-E7C1-443C-8F4C-D74A6B062788}.Release|iPhoneSimulator.Deploy.0 = Release|iPhoneSimulator
		{56D8E506-FB6A-4484-9CD6-BD64BD11C556}.Debug|Any CPU.ActiveCfg = Debug|Any CPU
		{56D8E506-FB6A-4484-9CD6-BD64BD11C556}.Debug|Any CPU.Build.0 = Debug|Any CPU
		{56D8E506-FB6A-4484-9CD6-BD64BD11C556}.Debug|Any CPU.Deploy.0 = Debug|Any CPU
		{56D8E506-FB6A-4484-9CD6-BD64BD11C556}.Debug|iPhone.ActiveCfg = Debug|Any CPU
		{56D8E506-FB6A-4484-9CD6-BD64BD11C556}.Debug|iPhone.Build.0 = Debug|Any CPU
		{56D8E506-FB6A-4484-9CD6-BD64BD11C556}.Debug|iPhone.Deploy.0 = Debug|Any CPU
		{56D8E506-FB6A-4484-9CD6-BD64BD11C556}.Debug|iPhoneSimulator.ActiveCfg = Debug|Any CPU
		{56D8E506-FB6A-4484-9CD6-BD64BD11C556}.Debug|iPhoneSimulator.Build.0 = Debug|Any CPU
		{56D8E506-FB6A-4484-9CD6-BD64BD11C556}.Debug|iPhoneSimulator.Deploy.0 = Debug|Any CPU
		{56D8E506-FB6A-4484-9CD6-BD64BD11C556}.Release|Any CPU.ActiveCfg = Release|Any CPU
		{56D8E506-FB6A-4484-9CD6-BD64BD11C556}.Release|Any CPU.Build.0 = Release|Any CPU
		{56D8E506-FB6A-4484-9CD6-BD64BD11C556}.Release|Any CPU.Deploy.0 = Release|Any CPU
		{56D8E506-FB6A-4484-9CD6-BD64BD11C556}.Release|iPhone.ActiveCfg = Release|Any CPU
		{56D8E506-FB6A-4484-9CD6-BD64BD11C556}.Release|iPhone.Build.0 = Release|Any CPU
		{56D8E506-FB6A-4484-9CD6-BD64BD11C556}.Release|iPhone.Deploy.0 = Release|Any CPU
		{56D8E506-FB6A-4484-9CD6-BD64BD11C556}.Release|iPhoneSimulator.ActiveCfg = Release|Any CPU
		{56D8E506-FB6A-4484-9CD6-BD64BD11C556}.Release|iPhoneSimulator.Build.0 = Release|Any CPU
		{56D8E506-FB6A-4484-9CD6-BD64BD11C556}.Release|iPhoneSimulator.Deploy.0 = Release|Any CPU
	EndGlobalSection
	GlobalSection(SolutionProperties) = preSolution
		HideSolutionNode = FALSE
	EndGlobalSection
	GlobalSection(ExtensibilityGlobals) = postSolution
		SolutionGuid = {AC7D5B2D-AF3C-4ADE-8B4E-3BEF3EDE4021}
	EndGlobalSection
EndGlobal
